{
  "name": "selector-practice",
  "version": "0.1.0",
  "lockfileVersion": 1,
  "requires": true,
  "dependencies": {
    "@react-icons/all-files": {
      "version": "4.1.0",
      "resolved": "https://registry.npmjs.org/@react-icons/all-files/-/all-files-4.1.0.tgz",
      "integrity": "sha512-hxBI2UOuVaI3O/BhQfhtb4kcGn9ft12RWAFVMUeNjqqhLsHvFtzIkFaptBJpFDANTKoDfdVoHTKZDlwKCACbMQ=="
    },
    "@szhsin/react-menu": {
      "version": "1.9.1",
      "resolved": "https://registry.npmjs.org/@szhsin/react-menu/-/react-menu-1.9.1.tgz",
      "integrity": "sha512-Ib3zAarWocSbZ8N5I4k5EMVwQf3Tlc/WLvUdwB4U+c/1kTse5o7l6vBHRjCKC0N53JWl/N0yzGeNlBzN6fNzWg=="
    }
  }
}
